// !$*UTF8*$!
{
	archiveVersion = 1;
	classes = {
	};
	objectVersion = 56;
	objects = {

/* Begin PBXBuildFile section */
		14867C582C2E59D20093472D /* MineView.swift in Sources */ = {isa = PBXBuildFile; fileRef = 14867C572C2E59D20093472D /* MineView.swift */; };
		14867C5A2C2E59DF0093472D /* CartView.swift in Sources */ = {isa = PBXBuildFile; fileRef = 14867C592C2E59DF0093472D /* CartView.swift */; };
		14867C5C2C2E61AB0093472D /* TabBarController.swift in Sources */ = {isa = PBXBuildFile; fileRef = 14867C5B2C2E61AB0093472D /* TabBarController.swift */; };
		14867C5E2C2E61D80093472D /* UIKitTabView.swift in Sources */ = {isa = PBXBuildFile; fileRef = 14867C5D2C2E61D80093472D /* UIKitTabView.swift */; };
		14867C602C2E62180093472D /* ExampleView.swift in Sources */ = {isa = PBXBuildFile; fileRef = 14867C5F2C2E62180093472D /* ExampleView.swift */; };
		14867C682C2EA4B60093472D /* LNNetworkConfiguration.swift in Sources */ = {isa = PBXBuildFile; fileRef = 14867C632C2EA4B60093472D /* LNNetworkConfiguration.swift */; };
		14867C692C2EA4B60093472D /* LNNetworkManager.swift in Sources */ = {isa = PBXBuildFile; fileRef = 14867C642C2EA4B60093472D /* LNNetworkManager.swift */; };
		14867C6A2C2EA4B60093472D /* LNBaseRequest.swift in Sources */ = {isa = PBXBuildFile; fileRef = 14867C652C2EA4B60093472D /* LNBaseRequest.swift */; };
		14867C6B2C2EA4B60093472D /* LNRequest.swift in Sources */ = {isa = PBXBuildFile; fileRef = 14867C662C2EA4B60093472D /* LNRequest.swift */; };
		14867C6E2C2EA4E60093472D /* HomeModel.swift in Sources */ = {isa = PBXBuildFile; fileRef = 14867C6C2C2EA4E50093472D /* HomeModel.swift */; };
		14867C6F2C2EA4E60093472D /* GoodsListModel.swift in Sources */ = {isa = PBXBuildFile; fileRef = 14867C6D2C2EA4E50093472D /* GoodsListModel.swift */; };
		14867C732C2EA5350093472D /* GlobalConfig.swift in Sources */ = {isa = PBXBuildFile; fileRef = 14867C702C2EA5350093472D /* GlobalConfig.swift */; };
		14867C742C2EA5350093472D /* UIDevice+K_Addition.swift in Sources */ = {isa = PBXBuildFile; fileRef = 14867C712C2EA5350093472D /* UIDevice+K_Addition.swift */; };
		14867C752C2EA5350093472D /* LoginModel.swift in Sources */ = {isa = PBXBuildFile; fileRef = 14867C722C2EA5350093472D /* LoginModel.swift */; };
		14867C772C2EB2A40093472D /* WebImageView.swift in Sources */ = {isa = PBXBuildFile; fileRef = 14867C762C2EB2A40093472D /* WebImageView.swift */; };
		14C580522C2D40580012993F /* SwiftUI_ShoppingApp.swift in Sources */ = {isa = PBXBuildFile; fileRef = 14C580512C2D40580012993F /* SwiftUI_ShoppingApp.swift */; };
		14C580542C2D40580012993F /* ContentView.swift in Sources */ = {isa = PBXBuildFile; fileRef = 14C580532C2D40580012993F /* ContentView.swift */; };
		14C580562C2D405A0012993F /* Assets.xcassets in Resources */ = {isa = PBXBuildFile; fileRef = 14C580552C2D405A0012993F /* Assets.xcassets */; };
		14C580592C2D405A0012993F /* Preview Assets.xcassets in Resources */ = {isa = PBXBuildFile; fileRef = 14C580582C2D405A0012993F /* Preview Assets.xcassets */; };
		14C5805B2C2D405A0012993F /* Persistence.swift in Sources */ = {isa = PBXBuildFile; fileRef = 14C5805A2C2D405A0012993F /* Persistence.swift */; };
		14C5805E2C2D405A0012993F /* SwiftUI_Shopping.xcdatamodeld in Sources */ = {isa = PBXBuildFile; fileRef = 14C5805C2C2D405A0012993F /* SwiftUI_Shopping.xcdatamodeld */; };
		14C580762C2D43CE0012993F /* HomeViewController.swift in Sources */ = {isa = PBXBuildFile; fileRef = 14C580752C2D43CE0012993F /* HomeViewController.swift */; };
		14C580782C2D4B780012993F /* HomeView.swift in Sources */ = {isa = PBXBuildFile; fileRef = 14C580772C2D4B780012993F /* HomeView.swift */; };
		14C5807A2C2D69F40012993F /* CategoryView.swift in Sources */ = {isa = PBXBuildFile; fileRef = 14C580792C2D69F40012993F /* CategoryView.swift */; };
		14DDE6CC2C36683300C37BC2 /* LoginPageView.swift in Sources */ = {isa = PBXBuildFile; fileRef = 14DDE6CB2C36683300C37BC2 /* LoginPageView.swift */; };
		14DDE6CE2C3684CC00C37BC2 /* ToastView.swift in Sources */ = {isa = PBXBuildFile; fileRef = 14DDE6CD2C3684CC00C37BC2 /* ToastView.swift */; };
		14E9AEFC2C3247E6008B872E /* ACarousel in Frameworks */ = {isa = PBXBuildFile; productRef = 14E9AEFB2C3247E6008B872E /* ACarousel */; };
		14E9AEFE2C324988008B872E /* TopSearchView.swift in Sources */ = {isa = PBXBuildFile; fileRef = 14E9AEFD2C324988008B872E /* TopSearchView.swift */; };
		14E9AF002C324DFC008B872E /* SearchHistoryListView.swift in Sources */ = {isa = PBXBuildFile; fileRef = 14E9AEFF2C324DFC008B872E /* SearchHistoryListView.swift */; };
		14E9AF022C327CEA008B872E /* CategoryModel.swift in Sources */ = {isa = PBXBuildFile; fileRef = 14E9AF012C327CEA008B872E /* CategoryModel.swift */; };
		8BA7994F2C2F9F87005EB744 /* Launch Screen.storyboard in Resources */ = {isa = PBXBuildFile; fileRef = 8BA7994E2C2F9F87005EB744 /* Launch Screen.storyboard */; };
		8BB44A5C2C2FF6DA00B164AC /* GoodsListView.swift in Sources */ = {isa = PBXBuildFile; fileRef = 8BB44A5B2C2FF6DA00B164AC /* GoodsListView.swift */; };
		8BB44A5E2C2FF91C00B164AC /* LoadingView.swift in Sources */ = {isa = PBXBuildFile; fileRef = 8BB44A5D2C2FF91C00B164AC /* LoadingView.swift */; };
		8BB44A602C3004F300B164AC /* GoodsDetailPageView.swift in Sources */ = {isa = PBXBuildFile; fileRef = 8BB44A5F2C3004F300B164AC /* GoodsDetailPageView.swift */; };
		8BDDBABF2C30AFCC004BA826 /* BannerView.swift in Sources */ = {isa = PBXBuildFile; fileRef = 8BDDBABE2C30AFCC004BA826 /* BannerView.swift */; };
		8BDDBAC22C30BBB0004BA826 /* ACarousel in Frameworks */ = {isa = PBXBuildFile; productRef = 8BDDBAC12C30BBB0004BA826 /* ACarousel */; };
		BA93BAF65DE712EBA11F07AA /* Pods_SwiftUI_Shopping.framework in Frameworks */ = {isa = PBXBuildFile; fileRef = BD3272F989A8CE65B95A71D6 /* Pods_SwiftUI_Shopping.framework */; };
/* End PBXBuildFile section */

/* Begin PBXFileReference section */
		14867C572C2E59D20093472D /* MineView.swift */ = {isa = PBXFileReference; lastKnownFileType = sourcecode.swift; path = MineView.swift; sourceTree = "<group>"; };
		14867C592C2E59DF0093472D /* CartView.swift */ = {isa = PBXFileReference; lastKnownFileType = sourcecode.swift; path = CartView.swift; sourceTree = "<group>"; };
		14867C5B2C2E61AB0093472D /* TabBarController.swift */ = {isa = PBXFileReference; lastKnownFileType = sourcecode.swift; path = TabBarController.swift; sourceTree = "<group>"; };
		14867C5D2C2E61D80093472D /* UIKitTabView.swift */ = {isa = PBXFileReference; lastKnownFileType = sourcecode.swift; path = UIKitTabView.swift; sourceTree = "<group>"; };
		14867C5F2C2E62180093472D /* ExampleView.swift */ = {isa = PBXFileReference; lastKnownFileType = sourcecode.swift; path = ExampleView.swift; sourceTree = "<group>"; };
		14867C632C2EA4B60093472D /* LNNetworkConfiguration.swift */ = {isa = PBXFileReference; fileEncoding = 4; lastKnownFileType = sourcecode.swift; path = LNNetworkConfiguration.swift; sourceTree = "<group>"; };
		14867C642C2EA4B60093472D /* LNNetworkManager.swift */ = {isa = PBXFileReference; fileEncoding = 4; lastKnownFileType = sourcecode.swift; path = LNNetworkManager.swift; sourceTree = "<group>"; };
		14867C652C2EA4B60093472D /* LNBaseRequest.swift */ = {isa = PBXFileReference; fileEncoding = 4; lastKnownFileType = sourcecode.swift; path = LNBaseRequest.swift; sourceTree = "<group>"; };
		14867C662C2EA4B60093472D /* LNRequest.swift */ = {isa = PBXFileReference; fileEncoding = 4; lastKnownFileType = sourcecode.swift; path = LNRequest.swift; sourceTree = "<group>"; };
		14867C6C2C2EA4E50093472D /* HomeModel.swift */ = {isa = PBXFileReference; fileEncoding = 4; lastKnownFileType = sourcecode.swift; path = HomeModel.swift; sourceTree = "<group>"; };
		14867C6D2C2EA4E50093472D /* GoodsListModel.swift */ = {isa = PBXFileReference; fileEncoding = 4; lastKnownFileType = sourcecode.swift; path = GoodsListModel.swift; sourceTree = "<group>"; };
		14867C702C2EA5350093472D /* GlobalConfig.swift */ = {isa = PBXFileReference; fileEncoding = 4; lastKnownFileType = sourcecode.swift; path = GlobalConfig.swift; sourceTree = "<group>"; };
		14867C712C2EA5350093472D /* UIDevice+K_Addition.swift */ = {isa = PBXFileReference; fileEncoding = 4; lastKnownFileType = sourcecode.swift; path = "UIDevice+K_Addition.swift"; sourceTree = "<group>"; };
		14867C722C2EA5350093472D /* LoginModel.swift */ = {isa = PBXFileReference; fileEncoding = 4; lastKnownFileType = sourcecode.swift; path = LoginModel.swift; sourceTree = "<group>"; };
		14867C762C2EB2A40093472D /* WebImageView.swift */ = {isa = PBXFileReference; lastKnownFileType = sourcecode.swift; path = WebImageView.swift; sourceTree = "<group>"; };
		14C5804E2C2D40580012993F /* SwiftUI-Shopping.app */ = {isa = PBXFileReference; explicitFileType = wrapper.application; includeInIndex = 0; path = "SwiftUI-Shopping.app"; sourceTree = BUILT_PRODUCTS_DIR; };
		14C580512C2D40580012993F /* SwiftUI_ShoppingApp.swift */ = {isa = PBXFileReference; lastKnownFileType = sourcecode.swift; path = SwiftUI_ShoppingApp.swift; sourceTree = "<group>"; };
		14C580532C2D40580012993F /* ContentView.swift */ = {isa = PBXFileReference; lastKnownFileType = sourcecode.swift; path = ContentView.swift; sourceTree = "<group>"; };
		14C580552C2D405A0012993F /* Assets.xcassets */ = {isa = PBXFileReference; lastKnownFileType = folder.assetcatalog; path = Assets.xcassets; sourceTree = "<group>"; };
		14C580582C2D405A0012993F /* Preview Assets.xcassets */ = {isa = PBXFileReference; lastKnownFileType = folder.assetcatalog; path = "Preview Assets.xcassets"; sourceTree = "<group>"; };
		14C5805A2C2D405A0012993F /* Persistence.swift */ = {isa = PBXFileReference; lastKnownFileType = sourcecode.swift; path = Persistence.swift; sourceTree = "<group>"; };
		14C5805D2C2D405A0012993F /* SwiftUI_Shopping.xcdatamodel */ = {isa = PBXFileReference; lastKnownFileType = wrapper.xcdatamodel; path = SwiftUI_Shopping.xcdatamodel; sourceTree = "<group>"; };
		14C580752C2D43CE0012993F /* HomeViewController.swift */ = {isa = PBXFileReference; lastKnownFileType = sourcecode.swift; path = HomeViewController.swift; sourceTree = "<group>"; };
		14C580772C2D4B780012993F /* HomeView.swift */ = {isa = PBXFileReference; lastKnownFileType = sourcecode.swift; path = HomeView.swift; sourceTree = "<group>"; };
		14C580792C2D69F40012993F /* CategoryView.swift */ = {isa = PBXFileReference; lastKnownFileType = sourcecode.swift; path = CategoryView.swift; sourceTree = "<group>"; };
		14DDE6CB2C36683300C37BC2 /* LoginPageView.swift */ = {isa = PBXFileReference; lastKnownFileType = sourcecode.swift; path = LoginPageView.swift; sourceTree = "<group>"; };
		14DDE6CD2C3684CC00C37BC2 /* ToastView.swift */ = {isa = PBXFileReference; lastKnownFileType = sourcecode.swift; path = ToastView.swift; sourceTree = "<group>"; };
		14E9AEFD2C324988008B872E /* TopSearchView.swift */ = {isa = PBXFileReference; lastKnownFileType = sourcecode.swift; path = TopSearchView.swift; sourceTree = "<group>"; };
		14E9AEFF2C324DFC008B872E /* SearchHistoryListView.swift */ = {isa = PBXFileReference; lastKnownFileType = sourcecode.swift; path = SearchHistoryListView.swift; sourceTree = "<group>"; };
		14E9AF012C327CEA008B872E /* CategoryModel.swift */ = {isa = PBXFileReference; lastKnownFileType = sourcecode.swift; path = CategoryModel.swift; sourceTree = "<group>"; };
		5363C27FA16B4439342B848A /* Pods-SwiftUI-Shopping.debug.xcconfig */ = {isa = PBXFileReference; includeInIndex = 1; lastKnownFileType = text.xcconfig; name = "Pods-SwiftUI-Shopping.debug.xcconfig"; path = "Target Support Files/Pods-SwiftUI-Shopping/Pods-SwiftUI-Shopping.debug.xcconfig"; sourceTree = "<group>"; };
		8BA7994E2C2F9F87005EB744 /* Launch Screen.storyboard */ = {isa = PBXFileReference; lastKnownFileType = file.storyboard; path = "Launch Screen.storyboard"; sourceTree = "<group>"; };
		8BB44A5B2C2FF6DA00B164AC /* GoodsListView.swift */ = {isa = PBXFileReference; lastKnownFileType = sourcecode.swift; name = GoodsListView.swift; path = "SwiftUI-Shopping/GoodsListView.swift"; sourceTree = SOURCE_ROOT; };
		8BB44A5D2C2FF91C00B164AC /* LoadingView.swift */ = {isa = PBXFileReference; lastKnownFileType = sourcecode.swift; name = LoadingView.swift; path = "SwiftUI-Shopping/LoadingView.swift"; sourceTree = SOURCE_ROOT; };
		8BB44A5F2C3004F300B164AC /* GoodsDetailPageView.swift */ = {isa = PBXFileReference; lastKnownFileType = sourcecode.swift; path = GoodsDetailPageView.swift; sourceTree = "<group>"; };
		8BDDBABE2C30AFCC004BA826 /* BannerView.swift */ = {isa = PBXFileReference; lastKnownFileType = sourcecode.swift; name = BannerView.swift; path = "SwiftUI-Shopping/Main/Home/Ctrl/BannerView.swift"; sourceTree = SOURCE_ROOT; };
		BD3272F989A8CE65B95A71D6 /* Pods_SwiftUI_Shopping.framework */ = {isa = PBXFileReference; explicitFileType = wrapper.framework; includeInIndex = 0; path = Pods_SwiftUI_Shopping.framework; sourceTree = BUILT_PRODUCTS_DIR; };
		D609C3069596FEC5F4B06988 /* Pods-SwiftUI-Shopping.release.xcconfig */ = {isa = PBXFileReference; includeInIndex = 1; lastKnownFileType = text.xcconfig; name = "Pods-SwiftUI-Shopping.release.xcconfig"; path = "Target Support Files/Pods-SwiftUI-Shopping/Pods-SwiftUI-Shopping.release.xcconfig"; sourceTree = "<group>"; };
/* End PBXFileReference section */

/* Begin PBXFrameworksBuildPhase section */
		14C5804B2C2D40580012993F /* Frameworks */ = {
			isa = PBXFrameworksBuildPhase;
			buildActionMask = 2147483647;
			files = (
				8BDDBAC22C30BBB0004BA826 /* ACarousel in Frameworks */,
				14E9AEFC2C3247E6008B872E /* ACarousel in Frameworks */,
				BA93BAF65DE712EBA11F07AA /* Pods_SwiftUI_Shopping.framework in Frameworks */,
			);
			runOnlyForDeploymentPostprocessing = 0;
		};
/* End PBXFrameworksBuildPhase section */

/* Begin PBXGroup section */
		14867C612C2EA4B60093472D /* File */ = {
			isa = PBXGroup;
			children = (
				14867C622C2EA4B60093472D /* LightNetwork */,
				14867C672C2EA4B60093472D /* LightNetworkTests */,
			);
			path = File;
			sourceTree = "<group>";
		};
		14867C622C2EA4B60093472D /* LightNetwork */ = {
			isa = PBXGroup;
			children = (
				14867C632C2EA4B60093472D /* LNNetworkConfiguration.swift */,
				14867C642C2EA4B60093472D /* LNNetworkManager.swift */,
				14867C652C2EA4B60093472D /* LNBaseRequest.swift */,
				14867C662C2EA4B60093472D /* LNRequest.swift */,
			);
			path = LightNetwork;
			sourceTree = "<group>";
		};
		14867C672C2EA4B60093472D /* LightNetworkTests */ = {
			isa = PBXGroup;
			children = (
			);
			path = LightNetworkTests;
			sourceTree = "<group>";
		};
		14C580452C2D40580012993F = {
			isa = PBXGroup;
			children = (
				14C580502C2D40580012993F /* SwiftUI-Shopping */,
				14C5804F2C2D40580012993F /* Products */,
				C1883CE6B8FFF79456B81A76 /* Pods */,
				E27300D9110BE16E7B74FA62 /* Frameworks */,
			);
			sourceTree = "<group>";
		};
		14C5804F2C2D40580012993F /* Products */ = {
			isa = PBXGroup;
			children = (
				14C5804E2C2D40580012993F /* SwiftUI-Shopping.app */,
			);
			name = Products;
			sourceTree = "<group>";
		};
		14C580502C2D40580012993F /* SwiftUI-Shopping */ = {
			isa = PBXGroup;
			children = (
				14C580512C2D40580012993F /* SwiftUI_ShoppingApp.swift */,
				14C580532C2D40580012993F /* ContentView.swift */,
				14867C5B2C2E61AB0093472D /* TabBarController.swift */,
				14867C5D2C2E61D80093472D /* UIKitTabView.swift */,
				14867C5F2C2E62180093472D /* ExampleView.swift */,
				8BA7994E2C2F9F87005EB744 /* Launch Screen.storyboard */,
				14867C612C2EA4B60093472D /* File */,
				14C580642C2D43AA0012993F /* Main */,
				14C580552C2D405A0012993F /* Assets.xcassets */,
				14C5805A2C2D405A0012993F /* Persistence.swift */,
				14C5805C2C2D405A0012993F /* SwiftUI_Shopping.xcdatamodeld */,
				14C580572C2D405A0012993F /* Preview Content */,
			);
			path = "SwiftUI-Shopping";
			sourceTree = "<group>";
		};
		14C580572C2D405A0012993F /* Preview Content */ = {
			isa = PBXGroup;
			children = (
				14C580582C2D405A0012993F /* Preview Assets.xcassets */,
			);
			path = "Preview Content";
			sourceTree = "<group>";
		};
		14C580642C2D43AA0012993F /* Main */ = {
			isa = PBXGroup;
			children = (
				14C580652C2D43AA0012993F /* Home */,
				14C580692C2D43AA0012993F /* Category */,
				14C5806D2C2D43AA0012993F /* Mine */,
				14C580712C2D43AA0012993F /* Cart */,
			);
			path = Main;
			sourceTree = "<group>";
		};
		14C580652C2D43AA0012993F /* Home */ = {
			isa = PBXGroup;
			children = (
				14C580662C2D43AA0012993F /* Ctrl */,
				14C580672C2D43AA0012993F /* Model */,
				14C580682C2D43AA0012993F /* View */,
			);
			path = Home;
			sourceTree = "<group>";
		};
		14C580662C2D43AA0012993F /* Ctrl */ = {
			isa = PBXGroup;
			children = (
				14C580752C2D43CE0012993F /* HomeViewController.swift */,
				14C580772C2D4B780012993F /* HomeView.swift */,
				8BB44A5F2C3004F300B164AC /* GoodsDetailPageView.swift */,
				14E9AEFF2C324DFC008B872E /* SearchHistoryListView.swift */,
			);
			path = Ctrl;
			sourceTree = "<group>";
		};
		14C580672C2D43AA0012993F /* Model */ = {
			isa = PBXGroup;
			children = (
				14867C702C2EA5350093472D /* GlobalConfig.swift */,
				14867C762C2EB2A40093472D /* WebImageView.swift */,
				14867C722C2EA5350093472D /* LoginModel.swift */,
				14867C712C2EA5350093472D /* UIDevice+K_Addition.swift */,
				14867C6D2C2EA4E50093472D /* GoodsListModel.swift */,
				14867C6C2C2EA4E50093472D /* HomeModel.swift */,
			);
			path = Model;
			sourceTree = "<group>";
		};
		14C580682C2D43AA0012993F /* View */ = {
			isa = PBXGroup;
			children = (
				8BB44A5B2C2FF6DA00B164AC /* GoodsListView.swift */,
				8BB44A5D2C2FF91C00B164AC /* LoadingView.swift */,
				8BDDBABE2C30AFCC004BA826 /* BannerView.swift */,
				14E9AEFD2C324988008B872E /* TopSearchView.swift */,
			);
			path = View;
			sourceTree = "<group>";
		};
		14C580692C2D43AA0012993F /* Category */ = {
			isa = PBXGroup;
			children = (
				14C5806A2C2D43AA0012993F /* Ctrl */,
				14C5806B2C2D43AA0012993F /* Model */,
				14C5806C2C2D43AA0012993F /* View */,
			);
			path = Category;
			sourceTree = "<group>";
		};
		14C5806A2C2D43AA0012993F /* Ctrl */ = {
			isa = PBXGroup;
			children = (
				14C580792C2D69F40012993F /* CategoryView.swift */,
			);
			path = Ctrl;
			sourceTree = "<group>";
		};
		14C5806B2C2D43AA0012993F /* Model */ = {
			isa = PBXGroup;
			children = (
				14E9AF012C327CEA008B872E /* CategoryModel.swift */,
			);
			path = Model;
			sourceTree = "<group>";
		};
		14C5806C2C2D43AA0012993F /* View */ = {
			isa = PBXGroup;
			children = (
			);
			path = View;
			sourceTree = "<group>";
		};
		14C5806D2C2D43AA0012993F /* Mine */ = {
			isa = PBXGroup;
			children = (
				14C5806E2C2D43AA0012993F /* Ctrl */,
				14C5806F2C2D43AA0012993F /* Model */,
				14C580702C2D43AA0012993F /* View */,
			);
			path = Mine;
			sourceTree = "<group>";
		};
		14C5806E2C2D43AA0012993F /* Ctrl */ = {
			isa = PBXGroup;
			children = (
				14867C572C2E59D20093472D /* MineView.swift */,
				14DDE6CB2C36683300C37BC2 /* LoginPageView.swift */,
			);
			path = Ctrl;
			sourceTree = "<group>";
		};
		14C5806F2C2D43AA0012993F /* Model */ = {
			isa = PBXGroup;
			children = (
			);
			path = Model;
			sourceTree = "<group>";
		};
		14C580702C2D43AA0012993F /* View */ = {
			isa = PBXGroup;
			children = (
				14DDE6CD2C3684CC00C37BC2 /* ToastView.swift */,
			);
			path = View;
			sourceTree = "<group>";
		};
		14C580712C2D43AA0012993F /* Cart */ = {
			isa = PBXGroup;
			children = (
				14C580722C2D43AA0012993F /* Ctrl */,
				14C580732C2D43AA0012993F /* Model */,
				14C580742C2D43AA0012993F /* View */,
			);
			path = Cart;
			sourceTree = "<group>";
		};
		14C580722C2D43AA0012993F /* Ctrl */ = {
			isa = PBXGroup;
			children = (
				14867C592C2E59DF0093472D /* CartView.swift */,
			);
			path = Ctrl;
			sourceTree = "<group>";
		};
		14C580732C2D43AA0012993F /* Model */ = {
			isa = PBXGroup;
			children = (
			);
			path = Model;
			sourceTree = "<group>";
		};
		14C580742C2D43AA0012993F /* View */ = {
			isa = PBXGroup;
			children = (
			);
			path = View;
			sourceTree = "<group>";
		};
		C1883CE6B8FFF79456B81A76 /* Pods */ = {
			isa = PBXGroup;
			children = (
				5363C27FA16B4439342B848A /* Pods-SwiftUI-Shopping.debug.xcconfig */,
				D609C3069596FEC5F4B06988 /* Pods-SwiftUI-Shopping.release.xcconfig */,
			);
			path = Pods;
			sourceTree = "<group>";
		};
		E27300D9110BE16E7B74FA62 /* Frameworks */ = {
			isa = PBXGroup;
			children = (
				BD3272F989A8CE65B95A71D6 /* Pods_SwiftUI_Shopping.framework */,
			);
			name = Frameworks;
			sourceTree = "<group>";
		};
/* End PBXGroup section */

/* Begin PBXNativeTarget section */
		14C5804D2C2D40580012993F /* SwiftUI-Shopping */ = {
			isa = PBXNativeTarget;
			buildConfigurationList = 14C580612C2D405A0012993F /* Build configuration list for PBXNativeTarget "SwiftUI-Shopping" */;
			buildPhases = (
				48B18102C8418B9DD9914878 /* [CP] Check Pods Manifest.lock */,
				14C5804A2C2D40580012993F /* Sources */,
				14C5804B2C2D40580012993F /* Frameworks */,
				14C5804C2C2D40580012993F /* Resources */,
				376F568DDFAC873BD0ECA6B7 /* [CP] Embed Pods Frameworks */,
			);
			buildRules = (
			);
			dependencies = (
			);
			name = "SwiftUI-Shopping";
			packageProductDependencies = (
				8BDDBAC12C30BBB0004BA826 /* ACarousel */,
				14E9AEFB2C3247E6008B872E /* ACarousel */,
			);
			productName = "SwiftUI-Shopping";
			productReference = 14C5804E2C2D40580012993F /* SwiftUI-Shopping.app */;
			productType = "com.apple.product-type.application";
		};
/* End PBXNativeTarget section */

/* Begin PBXProject section */
		14C580462C2D40580012993F /* Project object */ = {
			isa = PBXProject;
			attributes = {
				BuildIndependentTargetsInParallel = 1;
				LastSwiftUpdateCheck = 1500;
				LastUpgradeCheck = 1500;
				TargetAttributes = {
					14C5804D2C2D40580012993F = {
						CreatedOnToolsVersion = 15.0.1;
					};
				};
			};
			buildConfigurationList = 14C580492C2D40580012993F /* Build configuration list for PBXProject "SwiftUI-Shopping" */;
			compatibilityVersion = "Xcode 14.0";
			developmentRegion = en;
			hasScannedForEncodings = 0;
			knownRegions = (
				en,
				Base,
			);
			mainGroup = 14C580452C2D40580012993F;
			packageReferences = (
				8BDDBAC02C30BBB0004BA826 /* XCRemoteSwiftPackageReference "ACarousel" */,
			);
			productRefGroup = 14C5804F2C2D40580012993F /* Products */;
			projectDirPath = "";
			projectRoot = "";
			targets = (
				14C5804D2C2D40580012993F /* SwiftUI-Shopping */,
			);
		};
/* End PBXProject section */

/* Begin PBXResourcesBuildPhase section */
		14C5804C2C2D40580012993F /* Resources */ = {
			isa = PBXResourcesBuildPhase;
			buildActionMask = 2147483647;
			files = (
				14C580592C2D405A0012993F /* Preview Assets.xcassets in Resources */,
				8BA7994F2C2F9F87005EB744 /* Launch Screen.storyboard in Resources */,
				14C580562C2D405A0012993F /* Assets.xcassets in Resources */,
			);
			runOnlyForDeploymentPostprocessing = 0;
		};
/* End PBXResourcesBuildPhase section */

/* Begin PBXShellScriptBuildPhase section */
		376F568DDFAC873BD0ECA6B7 /* [CP] Embed Pods Frameworks */ = {
			isa = PBXShellScriptBuildPhase;
			buildActionMask = 2147483647;
			files = (
			);
			inputFileListPaths = (
				"${PODS_ROOT}/Target Support Files/Pods-SwiftUI-Shopping/Pods-SwiftUI-Shopping-frameworks-${CONFIGURATION}-input-files.xcfilelist",
			);
			name = "[CP] Embed Pods Frameworks";
			outputFileListPaths = (
				"${PODS_ROOT}/Target Support Files/Pods-SwiftUI-Shopping/Pods-SwiftUI-Shopping-frameworks-${CONFIGURATION}-output-files.xcfilelist",
			);
			runOnlyForDeploymentPostprocessing = 0;
			shellPath = /bin/sh;
			shellScript = "\"${PODS_ROOT}/Target Support Files/Pods-SwiftUI-Shopping/Pods-SwiftUI-Shopping-frameworks.sh\"\n";
			showEnvVarsInLog = 0;
		};
		48B18102C8418B9DD9914878 /* [CP] Check Pods Manifest.lock */ = {
			isa = PBXShellScriptBuildPhase;
			buildActionMask = 2147483647;
			files = (
			);
			inputFileListPaths = (
			);
			inputPaths = (
				"${PODS_PODFILE_DIR_PATH}/Podfile.lock",
				"${PODS_ROOT}/Manifest.lock",
			);
			name = "[CP] Check Pods Manifest.lock";
			outputFileListPaths = (
			);
			outputPaths = (
				"$(DERIVED_FILE_DIR)/Pods-SwiftUI-Shopping-checkManifestLockResult.txt",
			);
			runOnlyForDeploymentPostprocessing = 0;
			shellPath = /bin/sh;
			shellScript = "diff \"${PODS_PODFILE_DIR_PATH}/Podfile.lock\" \"${PODS_ROOT}/Manifest.lock\" > /dev/null\nif [ $? != 0 ] ; then\n    # print error to STDERR\n    echo \"error: The sandbox is not in sync with the Podfile.lock. Run 'pod install' or update your CocoaPods installation.\" >&2\n    exit 1\nfi\n# This output is used by Xcode 'outputs' to avoid re-running this script phase.\necho \"SUCCESS\" > \"${SCRIPT_OUTPUT_FILE_0}\"\n";
			showEnvVarsInLog = 0;
		};
/* End PBXShellScriptBuildPhase section */

/* Begin PBXSourcesBuildPhase section */
		14C5804A2C2D40580012993F /* Sources */ = {
			isa = PBXSourcesBuildPhase;
			buildActionMask = 2147483647;
			files = (
				14867C5E2C2E61D80093472D /* UIKitTabView.swift in Sources */,
				14867C752C2EA5350093472D /* LoginModel.swift in Sources */,
				14DDE6CE2C3684CC00C37BC2 /* ToastView.swift in Sources */,
				14867C682C2EA4B60093472D /* LNNetworkConfiguration.swift in Sources */,
				14867C5A2C2E59DF0093472D /* CartView.swift in Sources */,
				14867C742C2EA5350093472D /* UIDevice+K_Addition.swift in Sources */,
				14E9AEFE2C324988008B872E /* TopSearchView.swift in Sources */,
				8BB44A5E2C2FF91C00B164AC /* LoadingView.swift in Sources */,
				14C580762C2D43CE0012993F /* HomeViewController.swift in Sources */,
				14C5807A2C2D69F40012993F /* CategoryView.swift in Sources */,
				14E9AF002C324DFC008B872E /* SearchHistoryListView.swift in Sources */,
				14867C5C2C2E61AB0093472D /* TabBarController.swift in Sources */,
				14867C692C2EA4B60093472D /* LNNetworkManager.swift in Sources */,
				14867C6A2C2EA4B60093472D /* LNBaseRequest.swift in Sources */,
				14C5805B2C2D405A0012993F /* Persistence.swift in Sources */,
				14867C6E2C2EA4E60093472D /* HomeModel.swift in Sources */,
				14C580542C2D40580012993F /* ContentView.swift in Sources */,
				14E9AF022C327CEA008B872E /* CategoryModel.swift in Sources */,
				14C580782C2D4B780012993F /* HomeView.swift in Sources */,
				14867C6F2C2EA4E60093472D /* GoodsListModel.swift in Sources */,
				14867C772C2EB2A40093472D /* WebImageView.swift in Sources */,
				14867C582C2E59D20093472D /* MineView.swift in Sources */,
				14C580522C2D40580012993F /* SwiftUI_ShoppingApp.swift in Sources */,
				14867C6B2C2EA4B60093472D /* LNRequest.swift in Sources */,
				14DDE6CC2C36683300C37BC2 /* LoginPageView.swift in Sources */,
				8BB44A5C2C2FF6DA00B164AC /* GoodsListView.swift in Sources */,
				8BB44A602C3004F300B164AC /* GoodsDetailPageView.swift in Sources */,
				14C5805E2C2D405A0012993F /* SwiftUI_Shopping.xcdatamodeld in Sources */,
				14867C732C2EA5350093472D /* GlobalConfig.swift in Sources */,
				8BDDBABF2C30AFCC004BA826 /* BannerView.swift in Sources */,
				14867C602C2E62180093472D /* ExampleView.swift in Sources */,
			);
			runOnlyForDeploymentPostprocessing = 0;
		};
/* End PBXSourcesBuildPhase section */

/* Begin XCBuildConfiguration section */
		14C5805F2C2D405A0012993F /* Debug */ = {
			isa = XCBuildConfiguration;
			buildSettings = {
				ALWAYS_SEARCH_USER_PATHS = NO;
				ASSETCATALOG_COMPILER_GENERATE_SWIFT_ASSET_SYMBOL_EXTENSIONS = YES;
				CLANG_ANALYZER_NONNULL = YES;
				CLANG_ANALYZER_NUMBER_OBJECT_CONVERSION = YES_AGGRESSIVE;
				CLANG_CXX_LANGUAGE_STANDARD = "gnu++20";
				CLANG_ENABLE_MODULES = YES;
				CLANG_ENABLE_OBJC_ARC = YES;
				CLANG_ENABLE_OBJC_WEAK = YES;
				CLANG_WARN_BLOCK_CAPTURE_AUTORELEASING = YES;
				CLANG_WARN_BOOL_CONVERSION = YES;
				CLANG_WARN_COMMA = YES;
				CLANG_WARN_CONSTANT_CONVERSION = YES;
				CLANG_WARN_DEPRECATED_OBJC_IMPLEMENTATIONS = YES;
				CLANG_WARN_DIRECT_OBJC_ISA_USAGE = YES_ERROR;
				CLANG_WARN_DOCUMENTATION_COMMENTS = YES;
				CLANG_WARN_EMPTY_BODY = YES;
				CLANG_WARN_ENUM_CONVERSION = YES;
				CLANG_WARN_INFINITE_RECURSION = YES;
				CLANG_WARN_INT_CONVERSION = YES;
				CLANG_WARN_NON_LITERAL_NULL_CONVERSION = YES;
				CLANG_WARN_OBJC_IMPLICIT_RETAIN_SELF = YES;
				CLANG_WARN_OBJC_LITERAL_CONVERSION = YES;
				CLANG_WARN_OBJC_ROOT_CLASS = YES_ERROR;
				CLANG_WARN_QUOTED_INCLUDE_IN_FRAMEWORK_HEADER = YES;
				CLANG_WARN_RANGE_LOOP_ANALYSIS = YES;
				CLANG_WARN_STRICT_PROTOTYPES = YES;
				CLANG_WARN_SUSPICIOUS_MOVE = YES;
				CLANG_WARN_UNGUARDED_AVAILABILITY = YES_AGGRESSIVE;
				CLANG_WARN_UNREACHABLE_CODE = YES;
				CLANG_WARN__DUPLICATE_METHOD_MATCH = YES;
				COPY_PHASE_STRIP = NO;
				DEBUG_INFORMATION_FORMAT = dwarf;
				ENABLE_STRICT_OBJC_MSGSEND = YES;
				ENABLE_TESTABILITY = YES;
				ENABLE_USER_SCRIPT_SANDBOXING = YES;
				GCC_C_LANGUAGE_STANDARD = gnu17;
				GCC_DYNAMIC_NO_PIC = NO;
				GCC_NO_COMMON_BLOCKS = YES;
				GCC_OPTIMIZATION_LEVEL = 0;
				GCC_PREPROCESSOR_DEFINITIONS = (
					"DEBUG=1",
					"$(inherited)",
				);
				GCC_WARN_64_TO_32_BIT_CONVERSION = YES;
				GCC_WARN_ABOUT_RETURN_TYPE = YES_ERROR;
				GCC_WARN_UNDECLARED_SELECTOR = YES;
				GCC_WARN_UNINITIALIZED_AUTOS = YES_AGGRESSIVE;
				GCC_WARN_UNUSED_FUNCTION = YES;
				GCC_WARN_UNUSED_VARIABLE = YES;
				IPHONEOS_DEPLOYMENT_TARGET = 17.0;
				LOCALIZATION_PREFERS_STRING_CATALOGS = YES;
				MTL_ENABLE_DEBUG_INFO = INCLUDE_SOURCE;
				MTL_FAST_MATH = YES;
				ONLY_ACTIVE_ARCH = YES;
				SDKROOT = iphoneos;
				SWIFT_ACTIVE_COMPILATION_CONDITIONS = "DEBUG $(inherited)";
				SWIFT_OPTIMIZATION_LEVEL = "-Onone";
			};
			name = Debug;
		};
		14C580602C2D405A0012993F /* Release */ = {
			isa = XCBuildConfiguration;
			buildSettings = {
				ALWAYS_SEARCH_USER_PATHS = NO;
				ASSETCATALOG_COMPILER_GENERATE_SWIFT_ASSET_SYMBOL_EXTENSIONS = YES;
				CLANG_ANALYZER_NONNULL = YES;
				CLANG_ANALYZER_NUMBER_OBJECT_CONVERSION = YES_AGGRESSIVE;
				CLANG_CXX_LANGUAGE_STANDARD = "gnu++20";
				CLANG_ENABLE_MODULES = YES;
				CLANG_ENABLE_OBJC_ARC = YES;
				CLANG_ENABLE_OBJC_WEAK = YES;
				CLANG_WARN_BLOCK_CAPTURE_AUTORELEASING = YES;
				CLANG_WARN_BOOL_CONVERSION = YES;
				CLANG_WARN_COMMA = YES;
				CLANG_WARN_CONSTANT_CONVERSION = YES;
				CLANG_WARN_DEPRECATED_OBJC_IMPLEMENTATIONS = YES;
				CLANG_WARN_DIRECT_OBJC_ISA_USAGE = YES_ERROR;
				CLANG_WARN_DOCUMENTATION_COMMENTS = YES;
				CLANG_WARN_EMPTY_BODY = YES;
				CLANG_WARN_ENUM_CONVERSION = YES;
				CLANG_WARN_INFINITE_RECURSION = YES;
				CLANG_WARN_INT_CONVERSION = YES;
				CLANG_WARN_NON_LITERAL_NULL_CONVERSION = YES;
				CLANG_WARN_OBJC_IMPLICIT_RETAIN_SELF = YES;
				CLANG_WARN_OBJC_LITERAL_CONVERSION = YES;
				CLANG_WARN_OBJC_ROOT_CLASS = YES_ERROR;
				CLANG_WARN_QUOTED_INCLUDE_IN_FRAMEWORK_HEADER = YES;
				CLANG_WARN_RANGE_LOOP_ANALYSIS = YES;
				CLANG_WARN_STRICT_PROTOTYPES = YES;
				CLANG_WARN_SUSPICIOUS_MOVE = YES;
				CLANG_WARN_UNGUARDED_AVAILABILITY = YES_AGGRESSIVE;
				CLANG_WARN_UNREACHABLE_CODE = YES;
				CLANG_WARN__DUPLICATE_METHOD_MATCH = YES;
				COPY_PHASE_STRIP = NO;
				DEBUG_INFORMATION_FORMAT = "dwarf-with-dsym";
				ENABLE_NS_ASSERTIONS = NO;
				ENABLE_STRICT_OBJC_MSGSEND = YES;
				ENABLE_USER_SCRIPT_SANDBOXING = YES;
				GCC_C_LANGUAGE_STANDARD = gnu17;
				GCC_NO_COMMON_BLOCKS = YES;
				GCC_WARN_64_TO_32_BIT_CONVERSION = YES;
				GCC_WARN_ABOUT_RETURN_TYPE = YES_ERROR;
				GCC_WARN_UNDECLARED_SELECTOR = YES;
				GCC_WARN_UNINITIALIZED_AUTOS = YES_AGGRESSIVE;
				GCC_WARN_UNUSED_FUNCTION = YES;
				GCC_WARN_UNUSED_VARIABLE = YES;
				IPHONEOS_DEPLOYMENT_TARGET = 17.0;
				LOCALIZATION_PREFERS_STRING_CATALOGS = YES;
				MTL_ENABLE_DEBUG_INFO = NO;
				MTL_FAST_MATH = YES;
				SDKROOT = iphoneos;
				SWIFT_COMPILATION_MODE = wholemodule;
				VALIDATE_PRODUCT = YES;
			};
			name = Release;
		};
		14C580622C2D405A0012993F /* Debug */ = {
			isa = XCBuildConfiguration;
			baseConfigurationReference = 5363C27FA16B4439342B848A /* Pods-SwiftUI-Shopping.debug.xcconfig */;
			buildSettings = {
				ASSETCATALOG_COMPILER_APPICON_NAME = AppIcon;
				ASSETCATALOG_COMPILER_GLOBAL_ACCENT_COLOR_NAME = AccentColor;
				ASSETCATALOG_COMPILER_INCLUDE_ALL_APPICON_ASSETS = YES;
				CODE_SIGN_STYLE = Automatic;
				CURRENT_PROJECT_VERSION = 1;
				DEVELOPMENT_ASSET_PATHS = "\"SwiftUI-Shopping/Preview Content\"";
				DEVELOPMENT_TEAM = 287ZL65P9C;
				ENABLE_PREVIEWS = YES;
				ENABLE_USER_SCRIPT_SANDBOXING = NO;
				GENERATE_INFOPLIST_FILE = YES;
				INFOPLIST_KEY_CFBundleDisplayName = "智慧商城";
				INFOPLIST_KEY_UIApplicationSceneManifest_Generation = YES;
				INFOPLIST_KEY_UIApplicationSupportsIndirectInputEvents = YES;
				INFOPLIST_KEY_UILaunchScreen_Generation = YES;
				INFOPLIST_KEY_UILaunchStoryboardName = "Launch Screen.storyboard";
				INFOPLIST_KEY_UISupportedInterfaceOrientations_iPad = "UIInterfaceOrientationPortrait UIInterfaceOrientationPortraitUpsideDown UIInterfaceOrientationLandscapeLeft UIInterfaceOrientationLandscapeRight";
				INFOPLIST_KEY_UISupportedInterfaceOrientations_iPhone = "UIInterfaceOrientationPortrait UIInterfaceOrientationLandscapeLeft UIInterfaceOrientationLandscapeRight";
				IPHONEOS_DEPLOYMENT_TARGET = 14.1;
				LD_RUNPATH_SEARCH_PATHS = (
					"$(inherited)",
					"@executable_path/Frameworks",
				);
				MARKETING_VERSION = 1.0;
				PRODUCT_BUNDLE_IDENTIFIER = "com.ctf.sales.SwiftUI-Shopping";
				PRODUCT_NAME = "$(TARGET_NAME)";
				SWIFT_EMIT_LOC_STRINGS = YES;
				SWIFT_VERSION = 5.0;
				TARGETED_DEVICE_FAMILY = "1,2";
			};
			name = Debug;
		};
		14C580632C2D405A0012993F /* Release */ = {
			isa = XCBuildConfiguration;
			baseConfigurationReference = D609C3069596FEC5F4B06988 /* Pods-SwiftUI-Shopping.release.xcconfig */;
			buildSettings = {
				ASSETCATALOG_COMPILER_APPICON_NAME = AppIcon;
				ASSETCATALOG_COMPILER_GLOBAL_ACCENT_COLOR_NAME = AccentColor;
				ASSETCATALOG_COMPILER_INCLUDE_ALL_APPICON_ASSETS = YES;
				CODE_SIGN_STYLE = Automatic;
				CURRENT_PROJECT_VERSION = 1;
				DEVELOPMENT_ASSET_PATHS = "\"SwiftUI-Shopping/Preview Content\"";
				DEVELOPMENT_TEAM = 287ZL65P9C;
				ENABLE_PREVIEWS = YES;
				ENABLE_USER_SCRIPT_SANDBOXING = NO;
				GENERATE_INFOPLIST_FILE = YES;
				INFOPLIST_KEY_CFBundleDisplayName = "智慧商城";
				INFOPLIST_KEY_UIApplicationSceneManifest_Generation = YES;
				INFOPLIST_KEY_UIApplicationSupportsIndirectInputEvents = YES;
				INFOPLIST_KEY_UILaunchScreen_Generation = YES;
				INFOPLIST_KEY_UILaunchStoryboardName = "Launch Screen.storyboard";
				INFOPLIST_KEY_UISupportedInterfaceOrientations_iPad = "UIInterfaceOrientationPortrait UIInterfaceOrientationPortraitUpsideDown UIInterfaceOrientationLandscapeLeft UIInterfaceOrientationLandscapeRight";
				INFOPLIST_KEY_UISupportedInterfaceOrientations_iPhone = "UIInterfaceOrientationPortrait UIInterfaceOrientationLandscapeLeft UIInterfaceOrientationLandscapeRight";
				IPHONEOS_DEPLOYMENT_TARGET = 14.1;
				LD_RUNPATH_SEARCH_PATHS = (
					"$(inherited)",
					"@executable_path/Frameworks",
				);
				MARKETING_VERSION = 1.0;
				PRODUCT_BUNDLE_IDENTIFIER = "com.ctf.sales.SwiftUI-Shopping";
				PRODUCT_NAME = "$(TARGET_NAME)";
				SWIFT_EMIT_LOC_STRINGS = YES;
				SWIFT_VERSION = 5.0;
				TARGETED_DEVICE_FAMILY = "1,2";
			};
			name = Release;
		};
/* End XCBuildConfiguration section */

/* Begin XCConfigurationList section */
		14C580492C2D40580012993F /* Build configuration list for PBXProject "SwiftUI-Shopping" */ = {
			isa = XCConfigurationList;
			buildConfigurations = (
				14C5805F2C2D405A0012993F /* Debug */,
				14C580602C2D405A0012993F /* Release */,
			);
			defaultConfigurationIsVisible = 0;
			defaultConfigurationName = Release;
		};
		14C580612C2D405A0012993F /* Build configuration list for PBXNativeTarget "SwiftUI-Shopping" */ = {
			isa = XCConfigurationList;
			buildConfigurations = (
				14C580622C2D405A0012993F /* Debug */,
				14C580632C2D405A0012993F /* Release */,
			);
			defaultConfigurationIsVisible = 0;
			defaultConfigurationName = Release;
		};
/* End XCConfigurationList section */

/* Begin XCRemoteSwiftPackageReference section */
		8BDDBAC02C30BBB0004BA826 /* XCRemoteSwiftPackageReference "ACarousel" */ = {
			isa = XCRemoteSwiftPackageReference;
			repositoryURL = "https://github.com/JWAutumn/ACarousel";
			requirement = {
				kind = upToNextMajorVersion;
				minimumVersion = 0.2.0;
			};
		};
/* End XCRemoteSwiftPackageReference section */

/* Begin XCSwiftPackageProductDependency section */
		14E9AEFB2C3247E6008B872E /* ACarousel */ = {
			isa = XCSwiftPackageProductDependency;
			package = 8BDDBAC02C30BBB0004BA826 /* XCRemoteSwiftPackageReference "ACarousel" */;
			productName = ACarousel;
		};
		8BDDBAC12C30BBB0004BA826 /* ACarousel */ = {
			isa = XCSwiftPackageProductDependency;
			package = 8BDDBAC02C30BBB0004BA826 /* XCRemoteSwiftPackageReference "ACarousel" */;
			productName = ACarousel;
		};
/* End XCSwiftPackageProductDependency section */

/* Begin XCVersionGroup section */
		14C5805C2C2D405A0012993F /* SwiftUI_Shopping.xcdatamodeld */ = {
			isa = XCVersionGroup;
			children = (
				14C5805D2C2D405A0012993F /* SwiftUI_Shopping.xcdatamodel */,
			);
			currentVersion = 14C5805D2C2D405A0012993F /* SwiftUI_Shopping.xcdatamodel */;
			path = SwiftUI_Shopping.xcdatamodeld;
			sourceTree = "<group>";
			versionGroupType = wrapper.xcdatamodel;
		};
/* End XCVersionGroup section */
	};
	rootObject = 14C580462C2D40580012993F /* Project object */;
}
